// !$*UTF8*$!
{
	archiveVersion = 1;
	classes = {
	};
	objectVersion = 55;
	objects = {

/* Begin PBXBuildFile section */
		CDE7A65027F40AFC00B76F43 /* HDVideoRemoteViewManager.m in Sources */ = {isa = PBXBuildFile; fileRef = CDE7A64027F40AFC00B76F43 /* HDVideoRemoteViewManager.m */; };
		CDE7A65127F40AFC00B76F43 /* RNCallKeep.m in Sources */ = {isa = PBXBuildFile; fileRef = CDE7A64127F40AFC00B76F43 /* RNCallKeep.m */; };
		CDE7A65227F40AFC00B76F43 /* HDVideo.swift in Sources */ = {isa = PBXBuildFile; fileRef = CDE7A64527F40AFC00B76F43 /* HDVideo.swift */; };
		CDE7A65327F40AFC00B76F43 /* HDVideoLocalViewManager.m in Sources */ = {isa = PBXBuildFile; fileRef = CDE7A64727F40AFC00B76F43 /* HDVideoLocalViewManager.m */; };
		CDE7A65427F40AFC00B76F43 /* HDVideoModule.m in Sources */ = {isa = PBXBuildFile; fileRef = CDE7A64827F40AFC00B76F43 /* HDVideoModule.m */; };
		CDE7A65527F40AFC00B76F43 /* HDEventEmitter.m in Sources */ = {isa = PBXBuildFile; fileRef = CDE7A64B27F40AFC00B76F43 /* HDEventEmitter.m */; };
		CDE7A65727F40AFC00B76F43 /* HDEventEmitter.swift in Sources */ = {isa = PBXBuildFile; fileRef = CDE7A64D27F40AFC00B76F43 /* HDEventEmitter.swift */; };
		CDE7A65827F40AFC00B76F43 /* EventEmitter.swift in Sources */ = {isa = PBXBuildFile; fileRef = CDE7A64F27F40AFC00B76F43 /* EventEmitter.swift */; };
		CDE7A65C27F4194800B76F43 /* HDVideoLocalViewManager.swift in Sources */ = {isa = PBXBuildFile; fileRef = CDE7A65B27F4194800B76F43 /* HDVideoLocalViewManager.swift */; };
		CDE7A65E27F41BBA00B76F43 /* HDVideoModule.swift in Sources */ = {isa = PBXBuildFile; fileRef = CDE7A65D27F41BBA00B76F43 /* HDVideoModule.swift */; };
		CDE7A66627F47C0200B76F43 /* HDVideoRemoteViewManager.swift in Sources */ = {isa = PBXBuildFile; fileRef = CDE7A66527F47C0200B76F43 /* HDVideoRemoteViewManager.swift */; };
/* End PBXBuildFile section */

/* Begin PBXCopyFilesBuildPhase section */
		CDE7A63127F40AD700B76F43 /* CopyFiles */ = {
			isa = PBXCopyFilesBuildPhase;
			buildActionMask = 2147483647;
			dstPath = "include/$(PRODUCT_NAME)";
			dstSubfolderSpec = 16;
			files = (
			);
			runOnlyForDeploymentPostprocessing = 0;
		};
/* End PBXCopyFilesBuildPhase section */

/* Begin PBXFileReference section */
		CDE7A63327F40AD700B76F43 /* libRNHelloDoctor.a */ = {isa = PBXFileReference; explicitFileType = archive.ar; includeInIndex = 0; path = libRNHelloDoctor.a; sourceTree = BUILT_PRODUCTS_DIR; };
		CDE7A64027F40AFC00B76F43 /* HDVideoRemoteViewManager.m */ = {isa = PBXFileReference; fileEncoding = 4; lastKnownFileType = sourcecode.c.objc; path = HDVideoRemoteViewManager.m; sourceTree = "<group>"; };
		CDE7A64127F40AFC00B76F43 /* RNCallKeep.m */ = {isa = PBXFileReference; fileEncoding = 4; lastKnownFileType = sourcecode.c.objc; path = RNCallKeep.m; sourceTree = "<group>"; };
		CDE7A64527F40AFC00B76F43 /* HDVideo.swift */ = {isa = PBXFileReference; fileEncoding = 4; lastKnownFileType = sourcecode.swift; path = HDVideo.swift; sourceTree = "<group>"; };
		CDE7A64627F40AFC00B76F43 /* RNCallKeep.h */ = {isa = PBXFileReference; fileEncoding = 4; lastKnownFileType = sourcecode.c.h; path = RNCallKeep.h; sourceTree = "<group>"; };
		CDE7A64727F40AFC00B76F43 /* HDVideoLocalViewManager.m */ = {isa = PBXFileReference; fileEncoding = 4; lastKnownFileType = sourcecode.c.objc; path = HDVideoLocalViewManager.m; sourceTree = "<group>"; };
		CDE7A64827F40AFC00B76F43 /* HDVideoModule.m */ = {isa = PBXFileReference; fileEncoding = 4; lastKnownFileType = sourcecode.c.objc; path = HDVideoModule.m; sourceTree = "<group>"; };
		CDE7A64B27F40AFC00B76F43 /* HDEventEmitter.m */ = {isa = PBXFileReference; fileEncoding = 4; lastKnownFileType = sourcecode.c.objc; path = HDEventEmitter.m; sourceTree = "<group>"; };
		CDE7A64D27F40AFC00B76F43 /* HDEventEmitter.swift */ = {isa = PBXFileReference; fileEncoding = 4; lastKnownFileType = sourcecode.swift; path = HDEventEmitter.swift; sourceTree = "<group>"; };
		CDE7A64F27F40AFC00B76F43 /* EventEmitter.swift */ = {isa = PBXFileReference; fileEncoding = 4; lastKnownFileType = sourcecode.swift; path = EventEmitter.swift; sourceTree = "<group>"; };
		CDE7A65927F40D3800B76F43 /* Podfile */ = {isa = PBXFileReference; fileEncoding = 4; lastKnownFileType = text; path = Podfile; sourceTree = "<group>"; };
		CDE7A65A27F417F700B76F43 /* RNHelloDoctor-Bridging-Header.h */ = {isa = PBXFileReference; lastKnownFileType = sourcecode.c.h; path = "RNHelloDoctor-Bridging-Header.h"; sourceTree = "<group>"; };
		CDE7A65B27F4194800B76F43 /* HDVideoLocalViewManager.swift */ = {isa = PBXFileReference; lastKnownFileType = sourcecode.swift; path = HDVideoLocalViewManager.swift; sourceTree = "<group>"; };
		CDE7A65D27F41BBA00B76F43 /* HDVideoModule.swift */ = {isa = PBXFileReference; lastKnownFileType = sourcecode.swift; path = HDVideoModule.swift; sourceTree = "<group>"; };
		CDE7A66527F47C0200B76F43 /* HDVideoRemoteViewManager.swift */ = {isa = PBXFileReference; fileEncoding = 4; lastKnownFileType = sourcecode.swift; path = HDVideoRemoteViewManager.swift; sourceTree = "<group>"; };
/* End PBXFileReference section */

/* Begin PBXFrameworksBuildPhase section */
		CDE7A63027F40AD700B76F43 /* Frameworks */ = {
			isa = PBXFrameworksBuildPhase;
			buildActionMask = 2147483647;
			files = (
			);
			runOnlyForDeploymentPostprocessing = 0;
		};
/* End PBXFrameworksBuildPhase section */

/* Begin PBXGroup section */
		CDE7A62A27F40AD700B76F43 = {
			isa = PBXGroup;
			children = (
				CDE7A65927F40D3800B76F43 /* Podfile */,
				CDE7A63527F40AD700B76F43 /* RNHelloDoctor */,
				CDE7A63427F40AD700B76F43 /* Products */,
			);
			sourceTree = "<group>";
		};
		CDE7A63427F40AD700B76F43 /* Products */ = {
			isa = PBXGroup;
			children = (
				CDE7A63327F40AD700B76F43 /* libRNHelloDoctor.a */,
			);
			name = Products;
			sourceTree = "<group>";
		};
		CDE7A63527F40AD700B76F43 /* RNHelloDoctor */ = {
			isa = PBXGroup;
			children = (
				CDE7A64A27F40AFC00B76F43 /* Utils */,
				CDE7A63F27F40AFC00B76F43 /* Video */,
				CDE7A65A27F417F700B76F43 /* RNHelloDoctor-Bridging-Header.h */,
			);
			path = RNHelloDoctor;
			sourceTree = "<group>";
		};
		CDE7A63F27F40AFC00B76F43 /* Video */ = {
			isa = PBXGroup;
			children = (
				CDE7A64527F40AFC00B76F43 /* HDVideo.swift */,
				CDE7A64827F40AFC00B76F43 /* HDVideoModule.m */,
				CDE7A65D27F41BBA00B76F43 /* HDVideoModule.swift */,
				CDE7A64727F40AFC00B76F43 /* HDVideoLocalViewManager.m */,
				CDE7A65B27F4194800B76F43 /* HDVideoLocalViewManager.swift */,
				CDE7A64027F40AFC00B76F43 /* HDVideoRemoteViewManager.m */,
				CDE7A66527F47C0200B76F43 /* HDVideoRemoteViewManager.swift */,
				CDE7A64627F40AFC00B76F43 /* RNCallKeep.h */,
				CDE7A64127F40AFC00B76F43 /* RNCallKeep.m */,
			);
			path = Video;
			sourceTree = "<group>";
		};
		CDE7A64A27F40AFC00B76F43 /* Utils */ = {
			isa = PBXGroup;
			children = (
				CDE7A64B27F40AFC00B76F43 /* HDEventEmitter.m */,
				CDE7A64D27F40AFC00B76F43 /* HDEventEmitter.swift */,
				CDE7A64F27F40AFC00B76F43 /* EventEmitter.swift */,
			);
			path = Utils;
			sourceTree = "<group>";
		};
/* End PBXGroup section */

/* Begin PBXNativeTarget section */
		CDE7A63227F40AD700B76F43 /* RNHelloDoctor */ = {
			isa = PBXNativeTarget;
			buildConfigurationList = CDE7A63C27F40AD700B76F43 /* Build configuration list for PBXNativeTarget "RNHelloDoctor" */;
			buildPhases = (
				CDE7A62F27F40AD700B76F43 /* Sources */,
				CDE7A63027F40AD700B76F43 /* Frameworks */,
				CDE7A63127F40AD700B76F43 /* CopyFiles */,
			);
			buildRules = (
			);
			dependencies = (
			);
			name = RNHelloDoctor;
			productName = RNHelloDoctor;
			productReference = CDE7A63327F40AD700B76F43 /* libRNHelloDoctor.a */;
			productType = "com.apple.product-type.library.static";
		};
/* End PBXNativeTarget section */

/* Begin PBXProject section */
		CDE7A62B27F40AD700B76F43 /* Project object */ = {
			isa = PBXProject;
			attributes = {
				BuildIndependentTargetsInParallel = 1;
				LastUpgradeCheck = 1310;
				TargetAttributes = {
					CDE7A63227F40AD700B76F43 = {
						CreatedOnToolsVersion = 13.1;
					};
				};
			};
			buildConfigurationList = CDE7A62E27F40AD700B76F43 /* Build configuration list for PBXProject "RNHelloDoctor" */;
			compatibilityVersion = "Xcode 13.0";
			developmentRegion = en;
			hasScannedForEncodings = 0;
			knownRegions = (
				en,
				Base,
			);
			mainGroup = CDE7A62A27F40AD700B76F43;
			productRefGroup = CDE7A63427F40AD700B76F43 /* Products */;
			projectDirPath = "";
			projectRoot = "";
			targets = (
				CDE7A63227F40AD700B76F43 /* RNHelloDoctor */,
			);
		};
/* End PBXProject section */

/* Begin PBXSourcesBuildPhase section */
		CDE7A62F27F40AD700B76F43 /* Sources */ = {
			isa = PBXSourcesBuildPhase;
			buildActionMask = 2147483647;
			files = (
				CDE7A66627F47C0200B76F43 /* HDVideoRemoteViewManager.swift in Sources */,
				CDE7A65C27F4194800B76F43 /* HDVideoLocalViewManager.swift in Sources */,
				CDE7A65327F40AFC00B76F43 /* HDVideoLocalViewManager.m in Sources */,
				CDE7A65E27F41BBA00B76F43 /* HDVideoModule.swift in Sources */,
				CDE7A65727F40AFC00B76F43 /* HDEventEmitter.swift in Sources */,
				CDE7A65827F40AFC00B76F43 /* EventEmitter.swift in Sources */,
				CDE7A65027F40AFC00B76F43 /* HDVideoRemoteViewManager.m in Sources */,
				CDE7A65527F40AFC00B76F43 /* HDEventEmitter.m in Sources */,
				CDE7A65127F40AFC00B76F43 /* RNCallKeep.m in Sources */,
				CDE7A65227F40AFC00B76F43 /* HDVideo.swift in Sources */,
				CDE7A65427F40AFC00B76F43 /* HDVideoModule.m in Sources */,
			);
			runOnlyForDeploymentPostprocessing = 0;
		};
/* End PBXSourcesBuildPhase section */

/* Begin XCBuildConfiguration section */
		CDE7A63A27F40AD700B76F43 /* Debug */ = {
			isa = XCBuildConfiguration;
			buildSettings = {
				ALWAYS_SEARCH_USER_PATHS = NO;
				CLANG_ANALYZER_NONNULL = YES;
				CLANG_ANALYZER_NUMBER_OBJECT_CONVERSION = YES_AGGRESSIVE;
				CLANG_CXX_LANGUAGE_STANDARD = "gnu++17";
				CLANG_CXX_LIBRARY = "libc++";
				CLANG_ENABLE_MODULES = YES;
				CLANG_ENABLE_OBJC_ARC = YES;
				CLANG_ENABLE_OBJC_WEAK = YES;
				CLANG_WARN_BLOCK_CAPTURE_AUTORELEASING = YES;
				CLANG_WARN_BOOL_CONVERSION = YES;
				CLANG_WARN_COMMA = YES;
				CLANG_WARN_CONSTANT_CONVERSION = YES;
				CLANG_WARN_DEPRECATED_OBJC_IMPLEMENTATIONS = YES;
				CLANG_WARN_DIRECT_OBJC_ISA_USAGE = YES_ERROR;
				CLANG_WARN_DOCUMENTATION_COMMENTS = YES;
				CLANG_WARN_EMPTY_BODY = YES;
				CLANG_WARN_ENUM_CONVERSION = YES;
				CLANG_WARN_INFINITE_RECURSION = YES;
				CLANG_WARN_INT_CONVERSION = YES;
				CLANG_WARN_NON_LITERAL_NULL_CONVERSION = YES;
				CLANG_WARN_OBJC_IMPLICIT_RETAIN_SELF = YES;
				CLANG_WARN_OBJC_LITERAL_CONVERSION = YES;
				CLANG_WARN_OBJC_ROOT_CLASS = YES_ERROR;
				CLANG_WARN_QUOTED_INCLUDE_IN_FRAMEWORK_HEADER = YES;
				CLANG_WARN_RANGE_LOOP_ANALYSIS = YES;
				CLANG_WARN_STRICT_PROTOTYPES = YES;
				CLANG_WARN_SUSPICIOUS_MOVE = YES;
				CLANG_WARN_UNGUARDED_AVAILABILITY = YES_AGGRESSIVE;
				CLANG_WARN_UNREACHABLE_CODE = YES;
				CLANG_WARN__DUPLICATE_METHOD_MATCH = YES;
				COPY_PHASE_STRIP = NO;
				DEBUG_INFORMATION_FORMAT = dwarf;
				ENABLE_STRICT_OBJC_MSGSEND = YES;
				ENABLE_TESTABILITY = YES;
				GCC_C_LANGUAGE_STANDARD = gnu11;
				GCC_DYNAMIC_NO_PIC = NO;
				GCC_NO_COMMON_BLOCKS = YES;
				GCC_OPTIMIZATION_LEVEL = 0;
				GCC_PREPROCESSOR_DEFINITIONS = (
					"DEBUG=1",
					"$(inherited)",
				);
				GCC_WARN_64_TO_32_BIT_CONVERSION = YES;
				GCC_WARN_ABOUT_RETURN_TYPE = YES_ERROR;
				GCC_WARN_UNDECLARED_SELECTOR = YES;
				GCC_WARN_UNINITIALIZED_AUTOS = YES_AGGRESSIVE;
				GCC_WARN_UNUSED_FUNCTION = YES;
				GCC_WARN_UNUSED_VARIABLE = YES;
				IPHONEOS_DEPLOYMENT_TARGET = 13.0;
				MTL_ENABLE_DEBUG_INFO = INCLUDE_SOURCE;
				MTL_FAST_MATH = YES;
				ONLY_ACTIVE_ARCH = YES;
				SDKROOT = iphoneos;
			};
			name = Debug;
		};
		CDE7A63B27F40AD700B76F43 /* Release */ = {
			isa = XCBuildConfiguration;
			buildSettings = {
				ALWAYS_SEARCH_USER_PATHS = NO;
				CLANG_ANALYZER_NONNULL = YES;
				CLANG_ANALYZER_NUMBER_OBJECT_CONVERSION = YES_AGGRESSIVE;
				CLANG_CXX_LANGUAGE_STANDARD = "gnu++17";
				CLANG_CXX_LIBRARY = "libc++";
				CLANG_ENABLE_MODULES = YES;
				CLANG_ENABLE_OBJC_ARC = YES;
				CLANG_ENABLE_OBJC_WEAK = YES;
				CLANG_WARN_BLOCK_CAPTURE_AUTORELEASING = YES;
				CLANG_WARN_BOOL_CONVERSION = YES;
				CLANG_WARN_COMMA = YES;
				CLANG_WARN_CONSTANT_CONVERSION = YES;
				CLANG_WARN_DEPRECATED_OBJC_IMPLEMENTATIONS = YES;
				CLANG_WARN_DIRECT_OBJC_ISA_USAGE = YES_ERROR;
				CLANG_WARN_DOCUMENTATION_COMMENTS = YES;
				CLANG_WARN_EMPTY_BODY = YES;
				CLANG_WARN_ENUM_CONVERSION = YES;
				CLANG_WARN_INFINITE_RECURSION = YES;
				CLANG_WARN_INT_CONVERSION = YES;
				CLANG_WARN_NON_LITERAL_NULL_CONVERSION = YES;
				CLANG_WARN_OBJC_IMPLICIT_RETAIN_SELF = YES;
				CLANG_WARN_OBJC_LITERAL_CONVERSION = YES;
				CLANG_WARN_OBJC_ROOT_CLASS = YES_ERROR;
				CLANG_WARN_QUOTED_INCLUDE_IN_FRAMEWORK_HEADER = YES;
				CLANG_WARN_RANGE_LOOP_ANALYSIS = YES;
				CLANG_WARN_STRICT_PROTOTYPES = YES;
				CLANG_WARN_SUSPICIOUS_MOVE = YES;
				CLANG_WARN_UNGUARDED_AVAILABILITY = YES_AGGRESSIVE;
				CLANG_WARN_UNREACHABLE_CODE = YES;
				CLANG_WARN__DUPLICATE_METHOD_MATCH = YES;
				COPY_PHASE_STRIP = NO;
				DEBUG_INFORMATION_FORMAT = "dwarf-with-dsym";
				ENABLE_NS_ASSERTIONS = NO;
				ENABLE_STRICT_OBJC_MSGSEND = YES;
				GCC_C_LANGUAGE_STANDARD = gnu11;
				GCC_NO_COMMON_BLOCKS = YES;
				GCC_WARN_64_TO_32_BIT_CONVERSION = YES;
				GCC_WARN_ABOUT_RETURN_TYPE = YES_ERROR;
				GCC_WARN_UNDECLARED_SELECTOR = YES;
				GCC_WARN_UNINITIALIZED_AUTOS = YES_AGGRESSIVE;
				GCC_WARN_UNUSED_FUNCTION = YES;
				GCC_WARN_UNUSED_VARIABLE = YES;
				IPHONEOS_DEPLOYMENT_TARGET = 13.0;
				MTL_ENABLE_DEBUG_INFO = NO;
				MTL_FAST_MATH = YES;
				SDKROOT = iphoneos;
				VALIDATE_PRODUCT = YES;
			};
			name = Release;
		};
		CDE7A63D27F40AD700B76F43 /* Debug */ = {
			isa = XCBuildConfiguration;
			buildSettings = {
				CODE_SIGN_STYLE = Automatic;
				DEVELOPMENT_TEAM = H8JJZYX3RL;
				OTHER_LDFLAGS = "-ObjC";
				PRODUCT_NAME = "$(TARGET_NAME)";
				SKIP_INSTALL = YES;
				SWIFT_OBJC_BRIDGING_HEADER = "RNHelloDoctor/RNHelloDoctor-Bridging-Header.h";
				SWIFT_VERSION = 5.0;
				TARGETED_DEVICE_FAMILY = "1,2";
			};
			name = Debug;
		};
		CDE7A63E27F40AD700B76F43 /* Release */ = {
			isa = XCBuildConfiguration;
			buildSettings = {
				CODE_SIGN_STYLE = Automatic;
				DEVELOPMENT_TEAM = H8JJZYX3RL;
				OTHER_LDFLAGS = "-ObjC";
				PRODUCT_NAME = "$(TARGET_NAME)";
				SKIP_INSTALL = YES;
				SWIFT_OBJC_BRIDGING_HEADER = "RNHelloDoctor/RNHelloDoctor-Bridging-Header.h";
				SWIFT_VERSION = 5.0;
				TARGETED_DEVICE_FAMILY = "1,2";
			};
			name = Release;
		};
/* End XCBuildConfiguration section */

/* Begin XCConfigurationList section */
		CDE7A62E27F40AD700B76F43 /* Build configuration list for PBXProject "RNHelloDoctor" */ = {
			isa = XCConfigurationList;
			buildConfigurations = (
				CDE7A63A27F40AD700B76F43 /* Debug */,
				CDE7A63B27F40AD700B76F43 /* Release */,
			);
			defaultConfigurationIsVisible = 0;
			defaultConfigurationName = Release;
		};
		CDE7A63C27F40AD700B76F43 /* Build configuration list for PBXNativeTarget "RNHelloDoctor" */ = {
			isa = XCConfigurationList;
			buildConfigurations = (
				CDE7A63D27F40AD700B76F43 /* Debug */,
				CDE7A63E27F40AD700B76F43 /* Release */,
			);
			defaultConfigurationIsVisible = 0;
			defaultConfigurationName = Release;
		};
/* End XCConfigurationList section */
	};
	rootObject = CDE7A62B27F40AD700B76F43 /* Project object */;
}
